
Microsoft Visual Studio Solution File, Format Version 12.00
# Visual Studio Version 16
VisualStudioVersion = 16.0.33529.622
MinimumVisualStudioVersion = 10.0.40219.1
Project("{FAE04EC0-301F-11D3-BF4B-00C04F79EFBC}") = "WinFormsApp", "WinFormsApp.csproj", "{25A151E5-CA2A-4A63-B593-E67138145000}"
EndProject
Global
	GlobalSection(SolutionConfigurationPlatforms) = preSolution
		Debug|Any CPU = Debug|Any CPU
		Release|Any CPU = Release|Any CPU
	EndGlobalSection
	GlobalSection(ProjectConfigurationPlatforms) = postSolution
		{25A151E5-CA2A-4A63-B593-E67138145000}.Debug|Any CPU.ActiveCfg = Debug|Any CPU
		{25A151E5-CA2A-4A63-B593-E67138145000}.Debug|Any CPU.Build.0 = Debug|Any CPU
		{25A151E5-CA2A-4A63-B593-E67138145000}.Release|Any CPU.ActiveCfg = Release|Any CPU
		{25A151E5-CA2A-4A63-B593-E67138145000}.Release|Any CPU.Build.0 = Release|Any CPU
	EndGlobalSection
	GlobalSection(SolutionProperties) = preSolution
		HideSolutionNode = FALSE
	EndGlobalSection
	GlobalSection(ExtensibilityGlobals) = postSolution
		SolutionGuid = {6F620953-6645-4643-B7C6-14BD765A2E04}
	EndGlobalSection
EndGlobal
